PODS:
  - Flutter (1.0.0)
  - geolocator_apple (1.2.0):
    - Flutter
    - FlutterMacOS
  - image_cropper (0.0.5):
    - Flutter
    - TOCropViewController (~> 3.1.1)
  - image_picker_ios (0.0.1):
    - Flutter
  - package_info_plus (0.4.5):
    - Flutter
  - permission_handler_apple (9.3.0):
    - Flutter
  - QCloudCore (6.5.3):
    - QCloudCore/Default (= 6.5.3)
  - QCloudCore/Default (6.5.3):
    - QCloudTrack/Beacon (= 6.5.3)
  - QCloudCOSXML (6.5.3):
    - QCloudCOSXML/Default (= 6.5.3)
  - QCloudCOSXML/Default (6.5.3):
    - QCloudCore (= 6.5.3)
  - QCloudTrack/Beacon (6.5.3)
  - shared_preferences_foundation (0.0.1):
    - Flutter
    - FlutterMacOS
  - tencentcloud_cos_sdk_plugin (1.2.7):
    - Flutter
    - QCloudCOSXML (= 6.5.3)
  - TOCropViewController (3.1.1)

DEPENDENCIES:
  - Flutter (from `Flutter`)
  - geolocator_apple (from `.symlinks/plugins/geolocator_apple/darwin`)
  - image_cropper (from `.symlinks/plugins/image_cropper/ios`)
  - image_picker_ios (from `.symlinks/plugins/image_picker_ios/ios`)
  - package_info_plus (from `.symlinks/plugins/package_info_plus/ios`)
  - permission_handler_apple (from `.symlinks/plugins/permission_handler_apple/ios`)
  - shared_preferences_foundation (from `.symlinks/plugins/shared_preferences_foundation/darwin`)
  - tencentcloud_cos_sdk_plugin (from `.symlinks/plugins/tencentcloud_cos_sdk_plugin/ios`)

SPEC REPOS:
  https://mirrors.tuna.tsinghua.edu.cn/git/CocoaPods/Specs.git:
    - QCloudCore
    - QCloudCOSXML
    - QCloudTrack
    - TOCropViewController

EXTERNAL SOURCES:
  Flutter:
    :path: Flutter
  geolocator_apple:
    :path: ".symlinks/plugins/geolocator_apple/darwin"
  image_cropper:
    :path: ".symlinks/plugins/image_cropper/ios"
  image_picker_ios:
    :path: ".symlinks/plugins/image_picker_ios/ios"
  package_info_plus:
    :path: ".symlinks/plugins/package_info_plus/ios"
  permission_handler_apple:
    :path: ".symlinks/plugins/permission_handler_apple/ios"
  shared_preferences_foundation:
    :path: ".symlinks/plugins/shared_preferences_foundation/darwin"
  tencentcloud_cos_sdk_plugin:
    :path: ".symlinks/plugins/tencentcloud_cos_sdk_plugin/ios"

SPEC CHECKSUMS:
  Flutter: cabc95a1d2626b1b06e7179b784ebcf0c0cde467
  geolocator_apple: 66b711889fd333205763b83c9dcf0a57a28c7afd
  image_cropper: 03c48f7c0d281d63574e2d242421d585b7df3c49
  image_picker_ios: 4f2f91b01abdb52842a8e277617df877e40f905b
  package_info_plus: c0502532a26c7662a62a356cebe2692ec5fe4ec4
  permission_handler_apple: 9878588469a2b0d0fc1e048d9f43605f92e6cec2
  QCloudCore: 463b8c0c99fdc48a1c9cc637ee5466a1e5cf0c6e
  QCloudCOSXML: b092a768b1f290235ca99205123d12e5e8f389b4
  QCloudTrack: 4bafb980038f59b78270acb260bf5b093a6d23db
  shared_preferences_foundation: 5086985c1d43c5ba4d5e69a4e8083a389e2909e6
  tencentcloud_cos_sdk_plugin: 025770a58ea744388b5f69af2c8bb63036fd7d63
  TOCropViewController: 9002a9b12d8104d7478cdc306d80f0efea7fe2c5

PODFILE CHECKSUM: b61eb826a63215e18382e704fd9b061de0cb97f7

COCOAPODS: 1.16.2
